
# This file is generated by running "oc-build" inside your project.
# Manual changes might be lost - proceed with caution!

OpenCorePkg:
  version: 0.8.9
  url: https://github.com/dortania/build-repo/releases/download/OpenCorePkg-29274ba/OpenCore-0.8.9-DEBUG.zip
  resolution: '@acidanthera/OpenCorePkg@github:0.8.9#29274ba'
  checksum: c8bc1ed4c50dca826706a29e75a7a395d25c23cb6c41e95f3786bda3b4e97da5
  extract: ./X64/EFI/.
  type: directory
  dependencies:
    OcBinaryData:
      resolution: '@acidanthera/OcBinaryData@github:#c2a98980'
      url: https://github.com/acidanthera/OcBinaryData/
      extract:
        - ./Drivers/.
        - ./Resources/.
      type: binary
Lilu:
  version: 1.6.4
  url: https://github.com/dortania/build-repo/releases/download/Lilu-307f1f8/Lilu-1.6.4-DEBUG.zip
  resolution: '@acidanthera/Lilu@github:1.6.4#307f1f8'
  checksum: cc75d95d073a79cf8898f2ae4bc1ce8e44673b43864bece625716436cc05a5e0
  extract: ./Lilu.kext
  type: kext
WhateverGreen:
  version: 1.6.5
  url: https://github.com/dortania/build-repo/releases/download/WhateverGreen-6aaea33/WhateverGreen-1.6.5-DEBUG.zip
  resolution: '@acidanthera/WhateverGreen@github:1.6.5#6aaea33'
  checksum: f7fcc663076e6c37c6a491638a7ec98c60e7548e7dce8a463138f2522237eec6
  extract: ./WhateverGreen.kext
  type: kext
AppleALC:
  version: 1.8.0
  url: https://github.com/dortania/build-repo/releases/download/AppleALC-c2b0228/AppleALC-1.8.0-DEBUG.zip
  resolution: '@acidanthera/AppleALC@github:1.8.0#c2b0228'
  checksum: fe9a9b5cad5e5227693a1689c41a3b9466ef053021946ddd9fec5e9981f29fa3
  extract: ./AppleALC.kext
  type: kext
VirtualSMC:
  version: 1.3.1
  url: https://github.com/dortania/build-repo/releases/download/VirtualSMC-8623634/VirtualSMC-1.3.1-DEBUG.zip
  resolution: '@acidanthera/VirtualSMC@github:1.3.1#8623634'
  checksum: cbb3fb94c096fed7a439ad2feb79826a48cb79917976d0baf06110764dd46df5
  extract: ./Kexts/VirtualSMC.kext
  type: kext
  bundled:
    SMCSuperIO:
      extract: ./Kexts/SMCSuperIO.kext
      type: kext
    SMCBatteryManager:
      extract: ./Kexts/SMCBatteryManager.kext
      type: kext
    SMCProcessor:
      extract: ./Kexts/SMCProcessor.kext
      type: kext
AsusSMC:
  version: 1.4.1
  url: https://github.com/hieplpvip/AsusSMC/releases/download/1.4.1/AsusSMC-1.4.1-DEBUG.zip
  resolution: '@hieplpvip/AsusSMC@github:1.4.1#release'
  checksum: a6e10e428c9ce0ca5cf5618083a2db86d8cf809d2185ce9775522496a8956872
  extract: ./AsusSMC.kext
  type: kext
AirportItlwm-Ventura:
  version: 2.2.0
  url: https://github.com/OpenIntelWireless/itlwm/releases/download/v2.2.0-alpha/AirportItlwm-Ventura-v2.2.0-DEBUG-alpha-ddd2768.zip
  resolution: '@OpenIntelWireless/itlwm@github:2.2.0#release'
  checksum: ae6bdd14ba15918ee71fcb7a78819d84ab7775a7b924a97972d29c2e64aecaa9
  extract: ./Ventura/AirportItlwm.kext
  type: kext
AirportItlwm-Monterey:
  version: 2.2.0
  url: https://github.com/OpenIntelWireless/itlwm/releases/download/v2.2.0-alpha/AirportItlwm-Monterey-v2.2.0-DEBUG-alpha-ddd2768.zip
  resolution: '@OpenIntelWireless/itlwm@github:2.2.0#release'
  checksum: 815487da1b4b47004b81363b7584afbf1439b0e030188b272a1fcff0f0fe35ea
  extract: ./Monterey/AirportItlwm.kext
  type: kext
AirportItlwm-BigSur:
  version: 2.2.0
  url: https://github.com/OpenIntelWireless/itlwm/releases/download/v2.2.0-alpha/itlwm-v2.2.0-DEBUG-alpha-ddd2768.zip
  resolution: '@OpenIntelWireless/itlwm@github:2.2.0#release'
  checksum: b70d5f29b526042dd14e0dfafc93a3c011b209cdf4bf60a37e53e62ac7746c02
  extract: ./itlwm.kext
  type: kext
AirportItlwm-Catalina:
  version: 2.2.0
  url: https://github.com/OpenIntelWireless/itlwm/releases/download/v2.2.0-alpha/AirportItlwm-Catalina-v2.2.0-DEBUG-alpha-ddd2768.zip
  resolution: '@OpenIntelWireless/itlwm@github:2.2.0#release'
  checksum: d4a7b2be9707f5976875aa47ce71785f48541e95906aced2d2521c3180e29c37
  extract: ./Catalina/AirportItlwm.kext
  type: kext
BlueToolFixup:
  version: 2.6.5
  url: https://github.com/dortania/build-repo/releases/download/BrcmPatchRAM-e82be37/BrcmPatchRAM-2.6.5-DEBUG.zip
  resolution: '@acidanthera/BrcmPatchRAM@github:2.6.5#e82be37'
  checksum: a166b145793adfe6219a9f3311e12382c2b5a8180837b91a71f5b1dce4a40dcc
  extract: ./BlueToolFixup.kext
  type: kext
IntelBluetoothFirmware:
  version: 2.2.0
  url: https://github.com/OpenIntelWireless/IntelBluetoothFirmware/releases/download/v2.2.0/IntelBluetooth-v2.2.0.zip
  resolution: '@OpenIntelWireless/IntelBluetoothFirmware@github:2.2.0#release'
  checksum: 07614b4c6de71785e4c1703093aa0978a311d162978b47d44a5e893182945967
  extract: ./IntelBluetoothFirmware.kext
  type: kext
  bundled:
    IntelBTPatcher:
      extract: ./IntelBTPatcher.kext
      type: kext
    IntelBluetoothInjector:
      extract: ./IntelBluetoothInjector.kext
      type: kext
CpuTscSync:
  version: 1.1.0
  url: https://github.com/dortania/build-repo/releases/download/CpuTscSync-d74fcb8/CpuTscSync-1.1.0-DEBUG.zip
  resolution: '@acidanthera/CpuTscSync@github:1.1.0#d74fcb8'
  checksum: d916f19f824b19177c7b72c088c1baf91c2c87fb00224652a0261d1cc0152c28
  extract: ./CpuTscSync.kext
  type: kext
ECEnabler:
  version: 1.0.3
  url: https://github.com/dortania/build-repo/releases/download/ECEnabler-b7625ec/ECEnabler-1.0.3-DEBUG.zip
  resolution: '@1Revenger1/ECEnabler@github:1.0.3#b7625ec'
  checksum: 35148e2b9d7f1e36842654048ce20004e14ac5c8bd5bfbff376f1ca025a2bca8
  extract: ./ECEnabler.kext
  type: kext
FeatureUnlock:
  version: 1.1.4
  url: https://github.com/dortania/build-repo/releases/download/FeatureUnlock-c85c6aa/FeatureUnlock-1.1.4-DEBUG.zip
  resolution: '@acidanthera/FeatureUnlock@github:1.1.4#c85c6aa'
  checksum: f96ac4022f0f84aa4f6543df2e99b8da8457965efeacddc1ab0b9c5026ee5208
  extract: ./FeatureUnlock.kext
  type: kext
HibernationFixup:
  version: 1.4.9
  url: https://github.com/dortania/build-repo/releases/download/HibernationFixup-84833cf/HibernationFixup-1.4.9-DEBUG.zip
  resolution: '@acidanthera/HibernationFixup@github:1.4.9#84833cf'
  checksum: 171b89aec324657e3c897cec8dc563a6e39527aac2848d9c5b40abf35798eb23
  extract: ./HibernationFixup.kext
  type: kext
NVMeFix:
  version: 1.1.1
  url: https://github.com/dortania/build-repo/releases/download/NVMeFix-b49dcb3/NVMeFix-1.1.1-DEBUG.zip
  resolution: '@acidanthera/NVMeFix@github:1.1.1#b49dcb3'
  checksum: d9be7a0e45f1dec70323d244c5c5b672e7709417985e9cccbe28110ab71db217
  extract: ./NVMeFix.kext
  type: kext
RealtekCardReader:
  version: 0.9.7
  url: https://github.com/0xFireWolf/RealtekCardReader/releases/download/v0.9.7/RealtekCardReader_0.9.7_006a845_DEBUG.zip
  resolution: '@0xFireWolf/RealtekCardReader@github:0.9.7#release'
  checksum: 07c86911bd3b27bb201c2f87881ca2df3cf3cde1b8bb240436cea28976899bf2
  extract: ./RealtekCardReader.kext
  type: kext
RealtekCardReaderFriend:
  version: 1.0.4
  url: https://github.com/0xFireWolf/RealtekCardReaderFriend/releases/download/v1.0.4/RealtekCardReaderFriend_1.0.4_e1e3301_DEBUG.zip
  resolution: '@0xFireWolf/RealtekCardReaderFriend@github:1.0.4#release'
  checksum: 31a0d7829643cfb3609358f4f1388dbb9ee42c87c875e26baab127213bc422a4
  extract: ./RealtekCardReaderFriend.kext
  type: kext
RestrictEvents:
  version: 1.1.0
  url: https://github.com/dortania/build-repo/releases/download/RestrictEvents-1e480dc/RestrictEvents-1.1.0-DEBUG.zip
  resolution: '@acidanthera/RestrictEvents@github:1.1.0#1e480dc'
  checksum: c6f1652d01eabc0378f13286aead1c12a4e81a78a88c5700b7b74188bfb37f9d
  extract: ./RestrictEvents.kext
  type: kext
USBToolBox:
  version: 1.1.1
  url: https://github.com/USBToolBox/kext/releases/download/1.1.1/USBToolBox-1.1.1-DEBUG.zip
  resolution: '@USBToolbox/kext@github:1.1.1#release'
  checksum: 5c545703d90e0cf288148a39787e3302d1d1c246981fa53d39d449d81b4536bd
  extract: ./USBToolBox.kext
  type: kext
VoodooI2C:
  version: "2.8"
  url: https://github.com/VoodooI2C/VoodooI2C/releases/download/2.8/VoodooI2C-2.8.zip
  resolution: '@VoodooI2C/VoodooI2C@github:2.8#release'
  checksum: 234ef07979bdeec95f8d6c53f050c38005bd542d7af8a29ca05ac103ee190924
  extract: ./VoodooI2C.kext
  type: kext
  bundled:
    VoodooI2CHID:
      extract: ./VoodooI2CHID.kext
      type: kext
VoodooPS2Controller:
  version: 2.3.4
  url: https://github.com/dortania/build-repo/releases/download/VoodooPS2-3f7f910/VoodooPS2Controller-2.3.4-DEBUG.zip
  resolution: '@acidanthera/VoodooPS2@github:2.3.4#3f7f910'
  checksum: b0f9938b873c9bd31d65db98676d442cf95a7d3d194171314900c256597e8847
  extract: ./VoodooPS2Controller.kext
  type: kext
