
# This file is generated by running "oc-build" inside your project.
# Manual changes might be lost - proceed with caution!

OpenCorePkg:
  version: 0.9.1
  url: https://github.com/dortania/build-repo/releases/download/OpenCorePkg-41b8aca/OpenCore-0.9.1-RELEASE.zip
  resolution: '@acidanthera/OpenCorePkg@github:0.9.1#41b8aca'
  checksum: 96aa701968e2013ac55a91c73882ffddcff60db3e3956e86a58faac184604615
  extract: ./X64/EFI/.
  type: directory
  dependencies:
    OcBinaryData:
      resolution: '@acidanthera/OcBinaryData@github:#c2a98980'
      url: https://github.com/acidanthera/OcBinaryData/
      extract:
        - ./Drivers/.
        - ./Resources/.
      type: binary
Lilu:
  version: 1.6.5
  url: https://github.com/dortania/build-repo/releases/download/Lilu-3f61754/Lilu-1.6.5-RELEASE.zip
  resolution: '@acidanthera/Lilu@github:1.6.5#3f61754'
  checksum: 96be11e1ec288413be67b09eb175d3f20404421d963695ba82b39f6f66dea56f
  extract: ./Lilu.kext
  type: kext
WhateverGreen:
  version: 1.6.5
  url: https://github.com/dortania/build-repo/releases/download/WhateverGreen-d839cea/WhateverGreen-1.6.5-RELEASE.zip
  resolution: '@acidanthera/WhateverGreen@github:1.6.5#d839cea'
  checksum: 139367340a8615678caebd26aa0afa914666717a57397876aece4de44e6dbab7
  extract: ./WhateverGreen.kext
  type: kext
AppleALC:
  version: 1.8.2
  url: https://github.com/dortania/build-repo/releases/download/AppleALC-1882105/AppleALC-1.8.2-RELEASE.zip
  resolution: '@acidanthera/AppleALC@github:1.8.2#1882105'
  checksum: 2fa5c2716b1b41a9c885889fa9be9cf3cb1def68c063a726942551b04d9828df
  extract: ./AppleALC.kext
  type: kext
VirtualSMC:
  version: 1.3.2
  url: https://github.com/dortania/build-repo/releases/download/VirtualSMC-28c7d1d/VirtualSMC-1.3.2-RELEASE.zip
  resolution: '@acidanthera/VirtualSMC@github:1.3.2#28c7d1d'
  checksum: 77647256b31a8cfdd2e9bdfda5404b27422b29a1de43eeaa4f7a3bdd0df5c402
  extract: ./Kexts/VirtualSMC.kext
  type: kext
  bundled:
    SMCBatteryManager:
      extract: ./Kexts/SMCBatteryManager.kext
      type: kext
    SMCProcessor:
      extract: ./Kexts/SMCProcessor.kext
      type: kext
    SMCSuperIO:
      extract: ./Kexts/SMCSuperIO.kext
      type: kext
AsusSMC:
  version: 1.4.1
  url: https://github.com/hieplpvip/AsusSMC/releases/download/1.4.1/AsusSMC-1.4.1-DEBUG.zip
  resolution: '@hieplpvip/AsusSMC@github:1.4.1#release'
  checksum: a6e10e428c9ce0ca5cf5618083a2db86d8cf809d2185ce9775522496a8956872
  extract: ./AsusSMC.kext
  type: kext
AirportItlwm-Ventura:
  version: 2.2.0
  url: https://github.com/OpenIntelWireless/itlwm/releases/download/v2.2.0-alpha/AirportItlwm-Ventura-v2.2.0-DEBUG-alpha-ddd2768.zip
  resolution: '@OpenIntelWireless/itlwm@github:2.2.0#release'
  checksum: ae6bdd14ba15918ee71fcb7a78819d84ab7775a7b924a97972d29c2e64aecaa9
  extract: ./Ventura/AirportItlwm.kext
  type: kext
AirportItlwm-Monterey:
  version: 2.2.0
  url: https://github.com/OpenIntelWireless/itlwm/releases/download/v2.2.0-alpha/AirportItlwm-Monterey-v2.2.0-DEBUG-alpha-ddd2768.zip
  resolution: '@OpenIntelWireless/itlwm@github:2.2.0#release'
  checksum: 815487da1b4b47004b81363b7584afbf1439b0e030188b272a1fcff0f0fe35ea
  extract: ./Monterey/AirportItlwm.kext
  type: kext
AirportItlwm-BigSur:
  version: 2.2.0
  url: https://github.com/OpenIntelWireless/itlwm/releases/download/v2.2.0-alpha/AirportItlwm-Big_Sur-v2.2.0-DEBUG-alpha-ddd2768.zip
  resolution: '@OpenIntelWireless/itlwm@github:2.2.0#release'
  checksum: 68f3c2f86bffbcb6b808e27dfbc7d54bda70b9012ce47f6412bd3fb73377b544
  extract: ./Big Sur/AirportItlwm.kext
  type: kext
AirportItlwm-Catalina:
  version: 2.2.0
  url: https://github.com/OpenIntelWireless/itlwm/releases/download/v2.2.0-alpha/AirportItlwm-Catalina-v2.2.0-DEBUG-alpha-ddd2768.zip
  resolution: '@OpenIntelWireless/itlwm@github:2.2.0#release'
  checksum: d4a7b2be9707f5976875aa47ce71785f48541e95906aced2d2521c3180e29c37
  extract: ./Catalina/AirportItlwm.kext
  type: kext
BlueToolFixup:
  version: 2.6.6
  url: https://github.com/dortania/build-repo/releases/download/BrcmPatchRAM-7e14a5a/BrcmPatchRAM-2.6.6-RELEASE.zip
  resolution: '@acidanthera/BrcmPatchRAM@github:2.6.6#7e14a5a'
  checksum: b6f9beb7bc6eeff4c7bc05817be0e610078df6536efc9968633bf40bfe8d0de7
  extract: ./BlueToolFixup.kext
  type: kext
IntelBluetoothFirmware:
  version: 2.2.0
  url: https://github.com/OpenIntelWireless/IntelBluetoothFirmware/releases/download/v2.2.0/IntelBluetooth-v2.2.0.zip
  resolution: '@OpenIntelWireless/IntelBluetoothFirmware@github:2.2.0#release'
  checksum: 07614b4c6de71785e4c1703093aa0978a311d162978b47d44a5e893182945967
  extract: ./IntelBluetoothFirmware.kext
  type: kext
  bundled:
    IntelBluetoothInjector:
      extract: ./IntelBluetoothInjector.kext
      type: kext
    IntelBTPatcher:
      extract: ./IntelBTPatcher.kext
      type: kext
CpuTscSync:
  version: 1.1.0
  url: https://github.com/dortania/build-repo/releases/download/CpuTscSync-d74fcb8/CpuTscSync-1.1.0-RELEASE.zip
  resolution: '@acidanthera/CpuTscSync@github:1.1.0#d74fcb8'
  checksum: 9bc3aa960f404cc404316b1cf909aad68924c55f3b57347727726235250c3bd2
  extract: ./CpuTscSync.kext
  type: kext
DiskArbitrationFixup:
  version: 1.0.0
  url: https://github.com/Qonfused/DiskArbitrationFixup/releases/download/1.0.0/DiskArbitrationFixup-1.0.0-DevBuild-02272020_225112.zip
  resolution: '@Qonfused/DiskArbitrationFixup@github:1.0.0#release'
  checksum: abd5d88fd8c48be5549c9430b2441fb010f6f705210f69b56be603fe6b9fe083
  extract: ./DiskArbitrationFixup.kext
  type: kext
ECEnabler:
  version: 1.0.3
  url: https://github.com/dortania/build-repo/releases/download/ECEnabler-b7625ec/ECEnabler-1.0.3-RELEASE.zip
  resolution: '@1Revenger1/ECEnabler@github:1.0.3#b7625ec'
  checksum: 21d208359e4e675a56dd58763c70246df68a6abeae10e1691d2f53851d6fd735
  extract: ./ECEnabler.kext
  type: kext
FeatureUnlock:
  version: 1.1.5
  url: https://github.com/dortania/build-repo/releases/download/FeatureUnlock-94a58b5/FeatureUnlock-1.1.5-RELEASE.zip
  resolution: '@acidanthera/FeatureUnlock@github:1.1.5#94a58b5'
  checksum: 810f0f5c033bb1f3393c68a5ceea8efece37fd3ab385d62f536c66e4c6236f20
  extract: ./FeatureUnlock.kext
  type: kext
HibernationFixup:
  version: 1.4.9
  url: https://github.com/dortania/build-repo/releases/download/HibernationFixup-84833cf/HibernationFixup-1.4.9-RELEASE.zip
  resolution: '@acidanthera/HibernationFixup@github:1.4.9#84833cf'
  checksum: cb5517eb3957f5ddf7732aac4d6938cab5e82012c6de71377a4828783cb30fd6
  extract: ./HibernationFixup.kext
  type: kext
NVMeFix:
  version: 1.1.1
  url: https://github.com/dortania/build-repo/releases/download/NVMeFix-b49dcb3/NVMeFix-1.1.1-RELEASE.zip
  resolution: '@acidanthera/NVMeFix@github:1.1.1#b49dcb3'
  checksum: 140f0aaa71c06337cea0cf1f79b2d158ab63ad0e6e5e1d782c734fd8ae5bdf01
  extract: ./NVMeFix.kext
  type: kext
RealtekCardReader:
  version: 0.9.7
  url: https://github.com/0xFireWolf/RealtekCardReader/releases/download/v0.9.7/RealtekCardReader_0.9.7_006a845_DEBUG.zip
  resolution: '@0xFireWolf/RealtekCardReader@github:0.9.7#release'
  checksum: 07c86911bd3b27bb201c2f87881ca2df3cf3cde1b8bb240436cea28976899bf2
  extract: ./RealtekCardReader.kext
  type: kext
RealtekCardReaderFriend:
  version: 1.0.4
  url: https://github.com/0xFireWolf/RealtekCardReaderFriend/releases/download/v1.0.4/RealtekCardReaderFriend_1.0.4_e1e3301_DEBUG.zip
  resolution: '@0xFireWolf/RealtekCardReaderFriend@github:1.0.4#release'
  checksum: 31a0d7829643cfb3609358f4f1388dbb9ee42c87c875e26baab127213bc422a4
  extract: ./RealtekCardReaderFriend.kext
  type: kext
RestrictEvents:
  version: 1.1.1
  url: https://github.com/dortania/build-repo/releases/download/RestrictEvents-495f4d5/RestrictEvents-1.1.1-RELEASE.zip
  resolution: '@acidanthera/RestrictEvents@github:1.1.1#495f4d5'
  checksum: 6def230f22666896886313e09a9bb8adb9995b54b2622b881bc118cad5f7d67e
  extract: ./RestrictEvents.kext
  type: kext
USBToolBox:
  version: 1.1.1
  url: https://github.com/USBToolBox/kext/releases/download/1.1.1/USBToolBox-1.1.1-DEBUG.zip
  resolution: '@USBToolbox/kext@github:1.1.1#release'
  checksum: 5c545703d90e0cf288148a39787e3302d1d1c246981fa53d39d449d81b4536bd
  extract: ./USBToolBox.kext
  type: kext
VoodooI2C:
  version: "2.8"
  url: https://github.com/VoodooI2C/VoodooI2C/releases/download/2.8/VoodooI2C-2.8.zip
  resolution: '@VoodooI2C/VoodooI2C@github:2.8#release'
  checksum: 234ef07979bdeec95f8d6c53f050c38005bd542d7af8a29ca05ac103ee190924
  extract: ./VoodooI2C.kext
  type: kext
  bundled:
    VoodooI2CHID:
      extract: ./VoodooI2CHID.kext
      type: kext
VoodooPS2Controller:
  version: 2.3.6
  url: https://github.com/dortania/build-repo/releases/download/VoodooPS2-7f4e069/VoodooPS2Controller-2.3.6-RELEASE.zip
  resolution: '@acidanthera/VoodooPS2@github:2.3.6#7f4e069'
  checksum: 677f0f4ccdb3f0045832ff5595fa6dff760138b92ac0fccb0d5e340bc7e75a0e
  extract: ./VoodooPS2Controller.kext
  type: kext
VoodooInjector:
  version: 1.0.0
  url: https://github.com/Qonfused/VoodooInjector/releases/download/1.0.0/VoodooInjector-1.0.0-DevBuild-02242023_232212.kext.zip
  resolution: '@Qonfused/VoodooInjector@github:1.0.0#release'
  checksum: 90f8edd5ebaf793e0ecc91e6b1cfe68e77119c0af1a8f7d30869b9872aed7d42
  extract: ./VoodooInjector.kext
  type: kext
