---
version: 1
cacheKey: 0
---

# This file is generated by running "ocebuild" inside your project.
# Manual changes might be lost - proceed with caution!

dependencies:
  ACPI:
    SSDT-ALSD:
      path: './ACPI/SSDT-ALSD.dsl'
      resolution: 'SSDT-ALSD@file:ACPI/SSDT-ALSD.dsl#checksum=adb8c55ce3203d1b8427b1808a0be44d15f64f8704743e84b82fd3e0505c60a9'
      specifier: 'SSDT-ALSD@file:ACPI/SSDT-ALSD.dsl'
      kind: SSDT
      revision: '{ SHA256: adb8c55ce3203d1b8427b1808a0be44d15f64f8704743e84b82fd3e0505c60a9 }'
    SSDT-ATKD:
      path: './ACPI/SSDT-ATKD.dsl'
      resolution: 'SSDT-ATKD@file:ACPI/SSDT-ATKD.dsl#checksum=8d13a3cb16a42259b5d98be17e69ca3941f647b33b0c6495f1872718bb160618'
      specifier: 'SSDT-ATKD@file:ACPI/SSDT-ATKD.dsl'
      kind: SSDT
      revision: '{ SHA256: 8d13a3cb16a42259b5d98be17e69ca3941f647b33b0c6495f1872718bb160618 }'
    SSDT-AWAK:
      path: './ACPI/SSDT-AWAC.dsl'
      resolution: 'SSDT-AWAK@file:ACPI/SSDT-AWAC.dsl#checksum=a168d1dfe16d0d7311a012992a5853d51ce142c90afbff299bdb1477a538be8e'
      specifier: 'SSDT-AWAK@file:ACPI/SSDT-AWAC.dsl'
      kind: SSDT
      revision: '{ SHA256: a168d1dfe16d0d7311a012992a5853d51ce142c90afbff299bdb1477a538be8e }'
    SSDT-DGPU:
      path: './ACPI/SSDT-DGPU.dsl'
      resolution: 'SSDT-DGPU@file:ACPI/SSDT-DGPU.dsl#checksum=45d25050bbc93ee7023699a8274a97e5b380817e547eebd0366c95ebfa0e765a'
      specifier: 'SSDT-DGPU@file:ACPI/SSDT-DGPU.dsl'
      kind: SSDT
      revision: '{ SHA256: 45d25050bbc93ee7023699a8274a97e5b380817e547eebd0366c95ebfa0e765a }'
    SSDT-EC-USBX:
      path: './ACPI/SSDT-EC-USBX.dsl'
      resolution: 'SSDT-EC-USBX@file:ACPI/SSDT-EC-USBX.dsl#checksum=49ba0195688fe1b74bfa00ff331a8a2cea8e833c2d2b350a5319b8d4db55d609'
      specifier: 'SSDT-EC-USBX@file:ACPI/SSDT-EC-USBX.dsl'
      kind: SSDT
      revision: '{ SHA256: 49ba0195688fe1b74bfa00ff331a8a2cea8e833c2d2b350a5319b8d4db55d609 }'
    SSDT-GPIO:
      path: './ACPI/SSDT-GPIO.dsl'
      resolution: 'SSDT-GPIO@file:ACPI/SSDT-GPIO.dsl#checksum=cd71fed3a69865ebb922d89af6d945c9942e474fd7c6c6c7f8b94d714e4e2930'
      specifier: 'SSDT-GPIO@file:ACPI/SSDT-GPIO.dsl'
      kind: SSDT
      revision: '{ SHA256: cd71fed3a69865ebb922d89af6d945c9942e474fd7c6c6c7f8b94d714e4e2930 }'
    SSDT-GPRW:
      path: './ACPI/SSDT-GPRW.dsl'
      resolution: 'SSDT-GPRW@file:ACPI/SSDT-GPRW.dsl#checksum=c70ecd13e447b535346f8c5f2630c7583298f96d8a340e9f969ed6c46037d9f7'
      specifier: 'SSDT-GPRW@file:ACPI/SSDT-GPRW.dsl'
      kind: SSDT
      revision: '{ SHA256: c70ecd13e447b535346f8c5f2630c7583298f96d8a340e9f969ed6c46037d9f7 }'
    SSDT-KBLC:
      path: './ACPI/SSDT-KBLC.dsl'
      resolution: 'SSDT-KBLC@file:ACPI/SSDT-KBLC.dsl#checksum=d58979767e24b7029b3810e88bab62cf89280bb3add58f686f530a645c6890a5'
      specifier: 'SSDT-KBLC@file:ACPI/SSDT-KBLC.dsl'
      kind: SSDT
      revision: '{ SHA256: d58979767e24b7029b3810e88bab62cf89280bb3add58f686f530a645c6890a5 }'
    SSDT-PLUG:
      path: './ACPI/SSDT-PLUG.dsl'
      resolution: 'SSDT-PLUG@file:ACPI/SSDT-PLUG.dsl#checksum=2147d01d7eff9ee160107b97e41c751e026a86aeafb58dbd127bd949b145d656'
      specifier: 'SSDT-PLUG@file:ACPI/SSDT-PLUG.dsl'
      kind: SSDT
      revision: '{ SHA256: 2147d01d7eff9ee160107b97e41c751e026a86aeafb58dbd127bd949b145d656 }'
    SSDT-PNLF:
      path: './ACPI/SSDT-PNLF.dsl'
      resolution: 'SSDT-PNLF@file:ACPI/SSDT-PNLF.dsl#checksum=3361c68146d77bc07e86728ca9cc2983d145c6257a23623140c3596c05c1d9c1'
      specifier: 'SSDT-PNLF@file:ACPI/SSDT-PNLF.dsl'
      kind: SSDT
      revision: '{ SHA256: 3361c68146d77bc07e86728ca9cc2983d145c6257a23623140c3596c05c1d9c1 }'
    SSDT-SBUS-MCHC:
      path: './ACPI/SSDT-SBUS-MCHC.dsl'
      resolution: 'SSDT-SBUS-MCHC@file:ACPI/SSDT-SBUS-MCHC.dsl#checksum=c572955303bde5cd8dfeb44ab677260d329e18b0ab641517fbc6c45a446717d4'
      specifier: 'SSDT-SBUS-MCHC@file:ACPI/SSDT-SBUS-MCHC.dsl'
      kind: SSDT
      revision: '{ SHA256: c572955303bde5cd8dfeb44ab677260d329e18b0ab641517fbc6c45a446717d4 }'
    SSDT-SPLC:
      path: './ACPI/SSDT-SPLC.dsl'
      resolution: 'SSDT-SPLC@file:ACPI/SSDT-SPLC.dsl#checksum=ef3bf8302f62f3b4d57a01b39cc418d269be9f0d8ff751c60f3f38a4701fce05'
      specifier: 'SSDT-SPLC@file:ACPI/SSDT-SPLC.dsl'
      kind: SSDT
      revision: '{ SHA256: ef3bf8302f62f3b4d57a01b39cc418d269be9f0d8ff751c60f3f38a4701fce05 }'
    SSDT-XWAK:
      path: './ACPI/SSDT-XWAK.dsl'
      resolution: 'SSDT-XWAK@file:ACPI/SSDT-XWAK.dsl#checksum=e4ed63741b08bfffc8b7224b1457deb4d99af34831c04dbff90b716c3936ddae'
      specifier: 'SSDT-XWAK@file:ACPI/SSDT-XWAK.dsl'
      kind: SSDT
      revision: '{ SHA256: e4ed63741b08bfffc8b7224b1457deb4d99af34831c04dbff90b716c3936ddae }'
  Kexts:
    AirportItlwm-BigSur:
      build: DEBUG
      version: 2.3.0
      url: 'https://github.com/OpenIntelWireless/itlwm/releases/download/v2.3.0-alpha/AirportItlwm-Big_Sur-v2.3.0-DEBUG-alpha-ff1138b.zip'
      resolution: 'OpenIntelWireless/itlwm@github:2.3.0#commit=ff1138b026d3198beb9a716f73efe4f4a86ed68b'
      specifier: 'OpenIntelWireless/itlwm@github:^2.0.0'
      kind: Kext
      revision: '{ SHA1: ff1138b026d3198beb9a716f73efe4f4a86ed68b }'
    AirportItlwm-Catalina:
      build: DEBUG
      version: 2.3.0
      url: 'https://github.com/OpenIntelWireless/itlwm/releases/download/v2.3.0-alpha/AirportItlwm-Catalina-v2.3.0-DEBUG-alpha-ff1138b.zip'
      resolution: 'OpenIntelWireless/itlwm@github:2.3.0#commit=ff1138b026d3198beb9a716f73efe4f4a86ed68b'
      specifier: 'OpenIntelWireless/itlwm@github:^2.0.0'
      kind: Kext
      revision: '{ SHA1: ff1138b026d3198beb9a716f73efe4f4a86ed68b }'
    AirportItlwm-Monterey:
      build: DEBUG
      version: 2.3.0
      url: 'https://github.com/OpenIntelWireless/itlwm/releases/download/v2.3.0-alpha/AirportItlwm-Monterey-v2.3.0-DEBUG-alpha-ff1138b.zip'
      resolution: 'OpenIntelWireless/itlwm@github:2.3.0#commit=ff1138b026d3198beb9a716f73efe4f4a86ed68b'
      specifier: 'OpenIntelWireless/itlwm@github:^2.0.0'
      kind: Kext
      revision: '{ SHA1: ff1138b026d3198beb9a716f73efe4f4a86ed68b }'
    AirportItlwm-Ventura:
      build: DEBUG
      version: 2.3.0
      url: 'https://github.com/OpenIntelWireless/itlwm/releases/download/v2.3.0-alpha/AirportItlwm-Ventura-v2.3.0-DEBUG-alpha-ff1138b.zip'
      resolution: 'OpenIntelWireless/itlwm@github:2.3.0#commit=ff1138b026d3198beb9a716f73efe4f4a86ed68b'
      specifier: 'OpenIntelWireless/itlwm@github:^2.2.0'
      kind: Kext
      revision: '{ SHA1: ff1138b026d3198beb9a716f73efe4f4a86ed68b }'
    AppleALC:
      build: DEBUG
      version: 1.8.9
      url: 'https://github.com/dortania/build-repo/releases/download/AppleALC-7e7cdc8/AppleALC-1.8.9-DEBUG.zip'
      resolution: 'acidanthera/AppleALC@github:1.8.9#commit=7e7cdc8f4ffd1184a849b75de8f5ccb6c1d339ba'
      specifier: 'acidanthera/AppleALC@github'
      kind: Kext
      revision: '{ SHA1: 7e7cdc8f4ffd1184a849b75de8f5ccb6c1d339ba }'
    AsusSMC:
      build: DEBUG
      version: 1.4.1
      url: 'https://github.com/hieplpvip/AsusSMC/releases/download/1.4.1/AsusSMC-1.4.1-DEBUG.zip'
      resolution: 'hieplpvip/AsusSMC@github:1.4.1#commit=c15d2f297c86b65a3cb866cc2bcece595c136417'
      specifier: 'hieplpvip/AsusSMC@github:latest'
      kind: Kext
      revision: '{ SHA1: c15d2f297c86b65a3cb866cc2bcece595c136417 }'
    BlueToolFixup:
      build: DEBUG
      version: 2.6.8
      url: 'https://github.com/acidanthera/BrcmPatchRAM/releases/download/2.6.8/BrcmPatchRAM-2.6.8-DEBUG.zip'
      resolution: 'acidanthera/BrcmPatchRAM@github:2.6.8#commit=2305aaa145a0021559f444d33a5adaacb6469050'
      specifier: 'acidanthera/BrcmPatchRAM@github:latest'
      kind: Kext
      revision: '{ SHA1: 2305aaa145a0021559f444d33a5adaacb6469050 }'
    CpuTscSync:
      build: DEBUG
      version: 1.1.1
      url: 'https://github.com/dortania/build-repo/releases/download/CpuTscSync-15df7f0/CpuTscSync-1.1.1-DEBUG.zip'
      resolution: 'acidanthera/CpuTscSync@github:1.1.1#commit=15df7f00c8c6b0c002c236a74ba4c5b3ea10c788'
      specifier: 'acidanthera/CpuTscSync@github'
      kind: Kext
      revision: '{ SHA1: 15df7f00c8c6b0c002c236a74ba4c5b3ea10c788 }'
    DiskArbitrationFixup:
      build: DEBUG
      version: 1.0.0
      url: 'https://github.com/Qonfused/DiskArbitrationFixup/releases/download/1.0.0/DiskArbitrationFixup-1.0.0-DevBuild-02272020_225112.zip'
      resolution: 'Qonfused/DiskArbitrationFixup@github:1.0.0#commit=5670dddc49cfaf5b5fb54b0335f98a4df7ada1a0'
      specifier: 'Qonfused/DiskArbitrationFixup@github:latest'
      kind: Kext
      revision: '{ SHA1: 5670dddc49cfaf5b5fb54b0335f98a4df7ada1a0 }'
    ECEnabler:
      build: DEBUG
      version: 1.0.4
      url: 'https://github.com/1Revenger1/ECEnabler/releases/download/1.0.4/ECEnabler-1.0.4-DEBUG.zip'
      resolution: '1Revenger1/ECEnabler@github:1.0.4#commit=501420f2c01ce28166327a5027567ef6db8f0adc'
      specifier: '1Revenger1/ECEnabler@github:latest'
      kind: Kext
      revision: '{ SHA1: 501420f2c01ce28166327a5027567ef6db8f0adc }'
    FeatureUnlock:
      build: DEBUG
      version: 1.1.6
      url: 'https://github.com/dortania/build-repo/releases/download/FeatureUnlock-8a6bbec/FeatureUnlock-1.1.6-DEBUG.zip'
      resolution: 'acidanthera/FeatureUnlock@github:1.1.6#commit=8a6bbec4a512e61219d461b1c8f3630e3ad4e26b'
      specifier: 'acidanthera/FeatureUnlock@github'
      kind: Kext
      revision: '{ SHA1: 8a6bbec4a512e61219d461b1c8f3630e3ad4e26b }'
    HibernationFixup:
      build: DEBUG
      version: 1.5.0
      url: 'https://github.com/dortania/build-repo/releases/download/HibernationFixup-1eb0ddb/HibernationFixup-1.5.0-DEBUG.zip'
      resolution: 'acidanthera/HibernationFixup@github:1.5.0#commit=1eb0ddb6cd7b2cd0a72e157a15e8833399afe7e8'
      specifier: 'acidanthera/HibernationFixup@github'
      kind: Kext
      revision: '{ SHA1: 1eb0ddb6cd7b2cd0a72e157a15e8833399afe7e8 }'
    IntelBluetoothFirmware:
      build: DEBUG
      version: 2.3.0
      url: 'https://github.com/OpenIntelWireless/IntelBluetoothFirmware/releases/download/v2.3.0/IntelBluetooth-v2.3.0.zip'
      resolution: 'OpenIntelWireless/IntelBluetoothFirmware@github:2.3.0#commit=592507aa8cb3d0df3e524bb869f2836271e4fb48'
      specifier: 'OpenIntelWireless/IntelBluetoothFirmware@github:latest'
      kind: Kext
      revision: '{ SHA1: 592507aa8cb3d0df3e524bb869f2836271e4fb48 }'
    Lilu:
      build: DEBUG
      version: 1.6.8
      url: 'https://github.com/dortania/build-repo/releases/download/Lilu-472442f/Lilu-1.6.8-DEBUG.zip'
      resolution: 'acidanthera/Lilu@github:1.6.8#commit=472442f344531f88d31628da44f0778655a8e532'
      specifier: 'acidanthera/Lilu@github'
      kind: Kext
      revision: '{ SHA1: 472442f344531f88d31628da44f0778655a8e532 }'
    NVMeFix:
      build: DEBUG
      version: 1.1.2
      url: 'https://github.com/dortania/build-repo/releases/download/NVMeFix-8680dde/NVMeFix-1.1.2-DEBUG.zip'
      resolution: 'acidanthera/NVMeFix@github:1.1.2#commit=8680ddeab13ca176b263590222cd9d5e9afa69a8'
      specifier: 'acidanthera/NVMeFix@github'
      kind: Kext
      revision: '{ SHA1: 8680ddeab13ca176b263590222cd9d5e9afa69a8 }'
    RealtekCardReader:
      build: DEBUG
      version: 0.9.7
      url: 'https://github.com/0xFireWolf/RealtekCardReader/releases/download/v0.9.7/RealtekCardReader_0.9.7_006a845_DEBUG.zip'
      resolution: '0xFireWolf/RealtekCardReader@github:0.9.7#commit=006a8455d0ecf34571531f2c1471cddb4fc9303b'
      specifier: '0xFireWolf/RealtekCardReader@github:latest'
      kind: Kext
      revision: '{ SHA1: 006a8455d0ecf34571531f2c1471cddb4fc9303b }'
    RealtekCardReaderFriend:
      build: DEBUG
      version: 1.0.4
      url: 'https://github.com/0xFireWolf/RealtekCardReaderFriend/releases/download/v1.0.4/RealtekCardReaderFriend_1.0.4_e1e3301_DEBUG.zip'
      resolution: '0xFireWolf/RealtekCardReaderFriend@github:1.0.4#commit=e1e3301ae82483b4e5f84e492ca9dea231845ea1'
      specifier: '0xFireWolf/RealtekCardReaderFriend@github:latest'
      kind: Kext
      revision: '{ SHA1: e1e3301ae82483b4e5f84e492ca9dea231845ea1 }'
    RestrictEvents:
      build: DEBUG
      version: 1.1.4
      url: 'https://github.com/dortania/build-repo/releases/download/RestrictEvents-b712414/RestrictEvents-1.1.4-DEBUG.zip'
      resolution: 'acidanthera/RestrictEvents@github:1.1.4#commit=b7124142cb6fdbab82f2d40ce6579109343832a8'
      specifier: 'acidanthera/RestrictEvents@github'
      kind: Kext
      revision: '{ SHA1: b7124142cb6fdbab82f2d40ce6579109343832a8 }'
    USBToolBox:
      build: DEBUG
      version: 1.1.1
      url: 'https://github.com/USBToolBox/kext/releases/download/1.1.1/USBToolBox-1.1.1-DEBUG.zip'
      resolution: 'USBToolbox/kext@github:1.1.1#commit=6cf7126a968cb6d7c24aaf6d362f0af47badd842'
      specifier: 'USBToolbox/kext@github:latest'
      kind: Kext
      revision: '{ SHA1: 6cf7126a968cb6d7c24aaf6d362f0af47badd842 }'
    UTBMap:
      path: ./Kexts/UTBMap.kext
      resolution: 'UTBMap@file:Kexts/UTBMap.kext#checksum=872f8d5644ba2358dead1fdd657979dd76c1408546efa9411a44e8a8106e6732'
      specifier: 'UTBMap@file:Kexts/UTBMap.kext'
      kind: Kext
      revision: '{ SHA256: 872f8d5644ba2358dead1fdd657979dd76c1408546efa9411a44e8a8106e6732 }'
    VirtualSMC:
      build: DEBUG
      version: 1.3.3
      url: 'https://github.com/dortania/build-repo/releases/download/VirtualSMC-038200e/VirtualSMC-1.3.3-DEBUG.zip'
      resolution: 'acidanthera/VirtualSMC@github:1.3.3#commit=038200ee31a73b1c038c865a18cfc7ae6384bc53'
      specifier: 'acidanthera/VirtualSMC@github'
      kind: Kext
      revision: '{ SHA1: 038200ee31a73b1c038c865a18cfc7ae6384bc53 }'
    VoodooI2C:
      build: DEBUG
      version: 2.8
      url: 'https://github.com/VoodooI2C/VoodooI2C/releases/download/2.8/VoodooI2C-2.8.zip'
      resolution: 'VoodooI2C/VoodooI2C@github:2.8#commit=17a5f58227a164b426011fd077a5c549766474b3'
      specifier: 'VoodooI2C/VoodooI2C@github:latest'
      kind: Kext
      revision: '{ SHA1: 17a5f58227a164b426011fd077a5c549766474b3 }'
    VoodooI2CHID:
      path: ./Kexts/VoodooI2CHID.kext
      resolution: 'VoodooI2CHID@file:Kexts/VoodooI2CHID.kext#checksum=da6a7e9e349f58cc314b9a4949f9510bd13ef40850dc77c81c61a9b8bd1c1838'
      specifier: 'VoodooI2CHID@file:Kexts/VoodooI2CHID.kext'
      kind: Kext
      revision: '{ SHA256: da6a7e9e349f58cc314b9a4949f9510bd13ef40850dc77c81c61a9b8bd1c1838 }'
    VoodooInjector:
      build: DEBUG
      version: 1.0.0
      url: 'https://github.com/Qonfused/VoodooInjector/releases/download/1.0.0/VoodooInjector-1.0.0-DevBuild-02242023_232212.kext.zip'
      resolution: 'Qonfused/VoodooInjector@github:1.0.0#commit=c8ecde5acf8bf1b7c0b4d93f2044144ecbdee7b0'
      specifier: 'Qonfused/VoodooInjector@github:latest'
      kind: Kext
      revision: '{ SHA1: c8ecde5acf8bf1b7c0b4d93f2044144ecbdee7b0 }'
    VoodooPS2Controller:
      build: DEBUG
      version: 2.3.5
      url: 'https://github.com/acidanthera/VoodooPS2/releases/download/2.3.5/VoodooPS2Controller-2.3.5-DEBUG.zip'
      resolution: 'acidanthera/VoodooPS2@github:2.3.5#commit=410118bd89723b7e5290ae9f21f5e00078f6fd04'
      specifier: 'acidanthera/VoodooPS2@github:latest'
      kind: Kext
      revision: '{ SHA1: 410118bd89723b7e5290ae9f21f5e00078f6fd04 }'
    WhateverGreen:
      build: DEBUG
      version: 1.6.7
      url: 'https://github.com/dortania/build-repo/releases/download/WhateverGreen-c5a5f50/WhateverGreen-1.6.7-DEBUG.zip'
      resolution: 'acidanthera/WhateverGreen@github:1.6.7#commit=c5a5f507f54a6ff1d17e048fb9456302ef2a3702'
      specifier: 'acidanthera/WhateverGreen@github'
      kind: Kext
      revision: '{ SHA1: c5a5f507f54a6ff1d17e048fb9456302ef2a3702 }'
  OpenCorePkg:
    OcBinaryData:
      build: DEBUG
      url: 'https://github.com/acidanthera/OcBinaryData/archive/4e7e1b7465aae297d706afe5de5c4d1572d86917.tar.gz'
      resolution: 'acidanthera/OcBinaryData@github#commit=4e7e1b7465aae297d706afe5de5c4d1572d86917'
      specifier: 'acidanthera/OcBinaryData@github:latest'
      kind: Binary
      revision: '{ SHA1: 4e7e1b7465aae297d706afe5de5c4d1572d86917 }'
    OpenCore:
      build: DEBUG
      version: 0.9.7
      url: 'https://github.com/acidanthera/OpenCorePkg/releases/download/0.9.7/OpenCore-0.9.7-DEBUG.zip'
      resolution: 'acidanthera/OpenCorePkg@github:0.9.7#commit=6a961f1652ef485f4f295e38e17b3c353dbdbf15'
      specifier: 'acidanthera/OpenCorePkg@github:latest'
      kind: Binary
      revision: '{ SHA1: 6a961f1652ef485f4f295e38e17b3c353dbdbf15 }'